
Microsoft Visual Studio Solution File, Format Version 11.00
# Visual C# Express 2010
Project("{FAE04EC0-301F-11D3-BF4B-00C04F79EFBC}") = "XNAMode", "XNAMode\XNAMode.csproj", "{50463AEB-DA30-46D5-B01B-93F9C42F5765}"
EndProject
Project("{FAE04EC0-301F-11D3-BF4B-00C04F79EFBC}") = "XNAModeContent", "XNAModeContent\XNAModeContent.contentproj", "{327F8527-448C-470E-9016-949859914C92}"
EndProject
Project("{FAE04EC0-301F-11D3-BF4B-00C04F79EFBC}") = "Mode", "Mode\Mode\Mode.csproj", "{34A31726-EC55-4F87-8FB5-157A985AE009}"
EndProject
Project("{FAE04EC0-301F-11D3-BF4B-00C04F79EFBC}") = "FourChambersOfTheHumanHeart", "Four\Four\FourChambersOfTheHumanHeart.csproj", "{4DE081E9-8E86-44F4-A589-796F3FEB3167}"
EndProject
Project("{FAE04EC0-301F-11D3-BF4B-00C04F79EFBC}") = "SuperLemonadeFactory", "SuperLemonadeFactory\SuperLemonadeFactory\SuperLemonadeFactory.csproj", "{BF77E6C4-8CA1-426E-975B-C6D5221CD5E9}"
EndProject
Project("{FAE04EC0-301F-11D3-BF4B-00C04F79EFBC}") = "Revolvver", "Revolvver\Revolvver\Revolvver.csproj", "{68A80F61-4087-4080-B46E-939ED7616FD7}"
EndProject
Project("{FAE04EC0-301F-11D3-BF4B-00C04F79EFBC}") = "FrictionGrid", "FrictionGrid\FrictionGrid\FrictionGrid.csproj", "{FD00F68F-7E09-4013-8D44-CBEA38CB6445}"
EndProject
Project("{96E2B04D-8817-42C6-938A-82C39BA4D311}") = "FrictionGridContent", "FrictionGrid\FrictionGridContent\FrictionGridContent.contentproj", "{EEA6C32D-9EAC-4764-8EC7-CAD187589726}"
EndProject
Global
	GlobalSection(SolutionConfigurationPlatforms) = preSolution
		Debug|x86 = Debug|x86
		Release|x86 = Release|x86
		Revvolvver|x86 = Revvolvver|x86
	EndGlobalSection
	GlobalSection(ProjectConfigurationPlatforms) = postSolution
		{50463AEB-DA30-46D5-B01B-93F9C42F5765}.Debug|x86.ActiveCfg = Debug|x86
		{50463AEB-DA30-46D5-B01B-93F9C42F5765}.Debug|x86.Build.0 = Debug|x86
		{50463AEB-DA30-46D5-B01B-93F9C42F5765}.Release|x86.ActiveCfg = Release|x86
		{50463AEB-DA30-46D5-B01B-93F9C42F5765}.Release|x86.Build.0 = Release|x86
		{50463AEB-DA30-46D5-B01B-93F9C42F5765}.Revvolvver|x86.ActiveCfg = Revvolvver|x86
		{50463AEB-DA30-46D5-B01B-93F9C42F5765}.Revvolvver|x86.Build.0 = Revvolvver|x86
		{327F8527-448C-470E-9016-949859914C92}.Debug|x86.ActiveCfg = Debug|x86
		{327F8527-448C-470E-9016-949859914C92}.Release|x86.ActiveCfg = Release|x86
		{327F8527-448C-470E-9016-949859914C92}.Revvolvver|x86.ActiveCfg = Release|x86
		{34A31726-EC55-4F87-8FB5-157A985AE009}.Debug|x86.ActiveCfg = Debug|x86
		{34A31726-EC55-4F87-8FB5-157A985AE009}.Release|x86.ActiveCfg = Release|x86
		{34A31726-EC55-4F87-8FB5-157A985AE009}.Revvolvver|x86.ActiveCfg = Revvolvver|x86
		{4DE081E9-8E86-44F4-A589-796F3FEB3167}.Debug|x86.ActiveCfg = Debug|x86
		{4DE081E9-8E86-44F4-A589-796F3FEB3167}.Release|x86.ActiveCfg = Release|x86
		{4DE081E9-8E86-44F4-A589-796F3FEB3167}.Revvolvver|x86.ActiveCfg = Revvolvver|x86
		{BF77E6C4-8CA1-426E-975B-C6D5221CD5E9}.Debug|x86.ActiveCfg = Debug|x86
		{BF77E6C4-8CA1-426E-975B-C6D5221CD5E9}.Release|x86.ActiveCfg = Release|x86
		{BF77E6C4-8CA1-426E-975B-C6D5221CD5E9}.Revvolvver|x86.ActiveCfg = Revvolvver|x86
		{68A80F61-4087-4080-B46E-939ED7616FD7}.Debug|x86.ActiveCfg = Debug|x86
		{68A80F61-4087-4080-B46E-939ED7616FD7}.Release|x86.ActiveCfg = Release|x86
		{68A80F61-4087-4080-B46E-939ED7616FD7}.Release|x86.Build.0 = Release|x86
		{68A80F61-4087-4080-B46E-939ED7616FD7}.Revvolvver|x86.ActiveCfg = Revvolvver|x86
		{68A80F61-4087-4080-B46E-939ED7616FD7}.Revvolvver|x86.Build.0 = Revvolvver|x86
		{FD00F68F-7E09-4013-8D44-CBEA38CB6445}.Debug|x86.ActiveCfg = Debug|x86
		{FD00F68F-7E09-4013-8D44-CBEA38CB6445}.Debug|x86.Build.0 = Debug|x86
		{FD00F68F-7E09-4013-8D44-CBEA38CB6445}.Release|x86.ActiveCfg = Release|x86
		{FD00F68F-7E09-4013-8D44-CBEA38CB6445}.Revvolvver|x86.ActiveCfg = Release|x86
		{FD00F68F-7E09-4013-8D44-CBEA38CB6445}.Revvolvver|x86.Build.0 = Release|x86
		{EEA6C32D-9EAC-4764-8EC7-CAD187589726}.Debug|x86.ActiveCfg = Debug|x86
		{EEA6C32D-9EAC-4764-8EC7-CAD187589726}.Release|x86.ActiveCfg = Release|x86
		{EEA6C32D-9EAC-4764-8EC7-CAD187589726}.Revvolvver|x86.ActiveCfg = Release|x86
	EndGlobalSection
	GlobalSection(SolutionProperties) = preSolution
		HideSolutionNode = FALSE
	EndGlobalSection
EndGlobal
